lockfileVersion: '9.0'

settings:
  autoInstallPeers: true
  excludeLinksFromLockfile: false

importers:

  .:
    dependencies:
      '@dyne/interfacer-client':
        specifier: ^0.6.1
        version: 0.6.1(zenroom@5.37.2)
      zenroom:
        specifier: ^5.36.1
        version: 5.37.2

packages:

  '@dyne/interfacer-client@0.6.1':
    resolution: {integrity: sha512-Pzq/8vr47Xm+wANkVqB2YqkKBuUzbstR4E23kOk4Q6LhUpib82UsYT3i1QmgythYHOFlJ8VCR5A89/FtPd5oNw==}
    peerDependencies:
      zenroom: ^5.36.1

  base64url@3.0.1:
    resolution: {integrity: sha512-ir1UPr3dkwexU7FdV8qBBbNDRUhMmIekYMFZfi+C/sLNnRESKPl23nB9b2pltqfOQNnGzsDdId90AEtG5tCx4A==}
    engines: {node: '>=6.0.0'}

  zenroom@5.37.2:
    resolution: {integrity: sha512-sIdiC5O5rn67kCXj5YUIX785ReD5MjSVJtSWDQptFfmvV6vxaDbguufsvAOv2NJkwo4zNcSpdSLIG/afb7DF7A==}

snapshots:

  '@dyne/interfacer-client@0.6.1(zenroom@5.37.2)':
    dependencies:
      base64url: 3.0.1
      zenroom: 5.37.2

  base64url@3.0.1: {}

  zenroom@5.37.2: {}
